
Microsoft Visual Studio Solution File, Format Version 12.00
# Visual Studio Version 17
VisualStudioVersion = 17.4.33205.214
MinimumVisualStudioVersion = 10.0.40219.1
Project("{FAE04EC0-301F-11D3-BF4B-00C04F79EFBC}") = "Temperatures", "Temperatures\Temperatures.csproj", "{A6330BCE-EE5E-44F9-AE74-C8F298502E9F}"
EndProject
Project("{FAE04EC0-301F-11D3-BF4B-00C04F79EFBC}") = "MarsLander-Episode1", "MarsLander-Episode1\MarsLander-Episode1.csproj", "{3DFB3BAD-8921-450E-A6DD-CA714EB79DB5}"
EndProject
Project("{FAE04EC0-301F-11D3-BF4B-00C04F79EFBC}") = "ChevausDeCourse", "ChevausDeCourse\ChevausDeCourse.csproj", "{89A7570C-9B20-412B-AD55-224C47DA4995}"
EndProject
Global
	GlobalSection(SolutionConfigurationPlatforms) = preSolution
		Debug|Any CPU = Debug|Any CPU
		Release|Any CPU = Release|Any CPU
	EndGlobalSection
	GlobalSection(ProjectConfigurationPlatforms) = postSolution
		{A6330BCE-EE5E-44F9-AE74-C8F298502E9F}.Debug|Any CPU.ActiveCfg = Debug|Any CPU
		{A6330BCE-EE5E-44F9-AE74-C8F298502E9F}.Debug|Any CPU.Build.0 = Debug|Any CPU
		{A6330BCE-EE5E-44F9-AE74-C8F298502E9F}.Release|Any CPU.ActiveCfg = Release|Any CPU
		{A6330BCE-EE5E-44F9-AE74-C8F298502E9F}.Release|Any CPU.Build.0 = Release|Any CPU
		{3DFB3BAD-8921-450E-A6DD-CA714EB79DB5}.Debug|Any CPU.ActiveCfg = Debug|Any CPU
		{3DFB3BAD-8921-450E-A6DD-CA714EB79DB5}.Debug|Any CPU.Build.0 = Debug|Any CPU
		{3DFB3BAD-8921-450E-A6DD-CA714EB79DB5}.Release|Any CPU.ActiveCfg = Release|Any CPU
		{3DFB3BAD-8921-450E-A6DD-CA714EB79DB5}.Release|Any CPU.Build.0 = Release|Any CPU
		{89A7570C-9B20-412B-AD55-224C47DA4995}.Debug|Any CPU.ActiveCfg = Debug|Any CPU
		{89A7570C-9B20-412B-AD55-224C47DA4995}.Debug|Any CPU.Build.0 = Debug|Any CPU
		{89A7570C-9B20-412B-AD55-224C47DA4995}.Release|Any CPU.ActiveCfg = Release|Any CPU
		{89A7570C-9B20-412B-AD55-224C47DA4995}.Release|Any CPU.Build.0 = Release|Any CPU
	EndGlobalSection
	GlobalSection(SolutionProperties) = preSolution
		HideSolutionNode = FALSE
	EndGlobalSection
	GlobalSection(ExtensibilityGlobals) = postSolution
		SolutionGuid = {14CAFB8D-C79C-4FF8-B7C4-6439E2D9777C}
	EndGlobalSection
EndGlobal
